
Microsoft Visual Studio Solution File, Format Version 12.00
# Visual Studio Version 16
VisualStudioVersion = 16.0.31410.357
MinimumVisualStudioVersion = 10.0.40219.1
Project("{FAE04EC0-301F-11D3-BF4B-00C04F79EFBC}") = "DisconnectedEnvironment", "DisconnectedEnvironment\DisconnectedEnvironment.csproj", "{D542A367-4E74-40DB-B9B9-BBB4660B2FD4}"
EndProject
Global
	GlobalSection(SolutionConfigurationPlatforms) = preSolution
		Debug|Any CPU = Debug|Any CPU
		Release|Any CPU = Release|Any CPU
	EndGlobalSection
	GlobalSection(ProjectConfigurationPlatforms) = postSolution
		{D542A367-4E74-40DB-B9B9-BBB4660B2FD4}.Debug|Any CPU.ActiveCfg = Debug|Any CPU
		{D542A367-4E74-40DB-B9B9-BBB4660B2FD4}.Debug|Any CPU.Build.0 = Debug|Any CPU
		{D542A367-4E74-40DB-B9B9-BBB4660B2FD4}.Release|Any CPU.ActiveCfg = Release|Any CPU
		{D542A367-4E74-40DB-B9B9-BBB4660B2FD4}.Release|Any CPU.Build.0 = Release|Any CPU
	EndGlobalSection
	GlobalSection(SolutionProperties) = preSolution
		HideSolutionNode = FALSE
	EndGlobalSection
	GlobalSection(ExtensibilityGlobals) = postSolution
		SolutionGuid = {360A7FD6-BCC5-4238-A1E9-57188BDD4E75}
	EndGlobalSection
EndGlobal
